
Microsoft Visual Studio Solution File, Format Version 12.00
# Visual Studio Version 17
VisualStudioVersion = 17.6.33723.286
MinimumVisualStudioVersion = 10.0.40219.1
Project("{FAE04EC0-301F-11D3-BF4B-00C04F79EFBC}") = "CorreiosSpecFlow", "CorreiosSpecFlow.csproj", "{37855A23-2134-4AA5-9D3D-AD997D74C469}"
EndProject
Global
	GlobalSection(SolutionConfigurationPlatforms) = preSolution
		Debug|Any CPU = Debug|Any CPU
		Release|Any CPU = Release|Any CPU
	EndGlobalSection
	GlobalSection(ProjectConfigurationPlatforms) = postSolution
		{37855A23-2134-4AA5-9D3D-AD997D74C469}.Debug|Any CPU.ActiveCfg = Debug|Any CPU
		{37855A23-2134-4AA5-9D3D-AD997D74C469}.Debug|Any CPU.Build.0 = Debug|Any CPU
		{37855A23-2134-4AA5-9D3D-AD997D74C469}.Release|Any CPU.ActiveCfg = Release|Any CPU
		{37855A23-2134-4AA5-9D3D-AD997D74C469}.Release|Any CPU.Build.0 = Release|Any CPU
	EndGlobalSection
	GlobalSection(SolutionProperties) = preSolution
		HideSolutionNode = FALSE
	EndGlobalSection
	GlobalSection(ExtensibilityGlobals) = postSolution
		SolutionGuid = {A7389FC9-42E3-4358-B9AB-15D608947B0A}
	EndGlobalSection
EndGlobal
